
Microsoft Visual Studio Solution File, Format Version 12.00
# Visual Studio Version 16
VisualStudioVersion = 16.0.31605.320
MinimumVisualStudioVersion = 10.0.40219.1
Project("{9A19103F-16F7-4668-BE54-9A1E7A4F7556}") = "TestBlazorWebAssemblyApp.Server", "TestBlazorWebAssemblyApp\Server\TestBlazorWebAssemblyApp.Server.csproj", "{972C3C0B-C712-4ED4-AE9F-50A20AE1CA8E}"
EndProject
Project("{9A19103F-16F7-4668-BE54-9A1E7A4F7556}") = "TestBlazorWebAssemblyApp.Client", "TestBlazorWebAssemblyApp\Client\TestBlazorWebAssemblyApp.Client.csproj", "{76B90849-A08F-47CC-BA58-9169B56B0EA4}"
EndProject
Project("{9A19103F-16F7-4668-BE54-9A1E7A4F7556}") = "TestBlazorWebAssemblyApp.Shared", "TestBlazorWebAssemblyApp\Shared\TestBlazorWebAssemblyApp.Shared.csproj", "{C658F480-7D17-4D24-B415-1AFF0369DB72}"
EndProject
Global
	GlobalSection(SolutionConfigurationPlatforms) = preSolution
		Debug|Any CPU = Debug|Any CPU
		Release|Any CPU = Release|Any CPU
	EndGlobalSection
	GlobalSection(ProjectConfigurationPlatforms) = postSolution
		{972C3C0B-C712-4ED4-AE9F-50A20AE1CA8E}.Debug|Any CPU.ActiveCfg = Debug|Any CPU
		{972C3C0B-C712-4ED4-AE9F-50A20AE1CA8E}.Debug|Any CPU.Build.0 = Debug|Any CPU
		{972C3C0B-C712-4ED4-AE9F-50A20AE1CA8E}.Release|Any CPU.ActiveCfg = Release|Any CPU
		{972C3C0B-C712-4ED4-AE9F-50A20AE1CA8E}.Release|Any CPU.Build.0 = Release|Any CPU
		{76B90849-A08F-47CC-BA58-9169B56B0EA4}.Debug|Any CPU.ActiveCfg = Debug|Any CPU
		{76B90849-A08F-47CC-BA58-9169B56B0EA4}.Debug|Any CPU.Build.0 = Debug|Any CPU
		{76B90849-A08F-47CC-BA58-9169B56B0EA4}.Release|Any CPU.ActiveCfg = Release|Any CPU
		{76B90849-A08F-47CC-BA58-9169B56B0EA4}.Release|Any CPU.Build.0 = Release|Any CPU
		{C658F480-7D17-4D24-B415-1AFF0369DB72}.Debug|Any CPU.ActiveCfg = Debug|Any CPU
		{C658F480-7D17-4D24-B415-1AFF0369DB72}.Debug|Any CPU.Build.0 = Debug|Any CPU
		{C658F480-7D17-4D24-B415-1AFF0369DB72}.Release|Any CPU.ActiveCfg = Release|Any CPU
		{C658F480-7D17-4D24-B415-1AFF0369DB72}.Release|Any CPU.Build.0 = Release|Any CPU
	EndGlobalSection
	GlobalSection(SolutionProperties) = preSolution
		HideSolutionNode = FALSE
	EndGlobalSection
	GlobalSection(ExtensibilityGlobals) = postSolution
		SolutionGuid = {4E05CB0E-3A1E-45F4-A7DA-ED4B0C20C3C0}
	EndGlobalSection
EndGlobal
