
Microsoft Visual Studio Solution File, Format Version 12.00
# Visual Studio Version 16
VisualStudioVersion = 16.0.31605.320
MinimumVisualStudioVersion = 10.0.40219.1
Project("{9A19103F-16F7-4668-BE54-9A1E7A4F7556}") = "TestEFCore", "TestEFCore.csproj", "{45FE1BF5-7AAC-4414-91E3-F336C39C47B1}"
EndProject
Global
	GlobalSection(SolutionConfigurationPlatforms) = preSolution
		Debug|Any CPU = Debug|Any CPU
		Release|Any CPU = Release|Any CPU
	EndGlobalSection
	GlobalSection(ProjectConfigurationPlatforms) = postSolution
		{45FE1BF5-7AAC-4414-91E3-F336C39C47B1}.Debug|Any CPU.ActiveCfg = Debug|Any CPU
		{45FE1BF5-7AAC-4414-91E3-F336C39C47B1}.Debug|Any CPU.Build.0 = Debug|Any CPU
		{45FE1BF5-7AAC-4414-91E3-F336C39C47B1}.Release|Any CPU.ActiveCfg = Release|Any CPU
		{45FE1BF5-7AAC-4414-91E3-F336C39C47B1}.Release|Any CPU.Build.0 = Release|Any CPU
	EndGlobalSection
	GlobalSection(SolutionProperties) = preSolution
		HideSolutionNode = FALSE
	EndGlobalSection
	GlobalSection(ExtensibilityGlobals) = postSolution
		SolutionGuid = {318414F9-625E-4C88-AD68-F56E90D8F1A5}
	EndGlobalSection
EndGlobal
